// !$*UTF8*$!
{
	archiveVersion = 1;
	classes = {
	};
	objectVersion = 50;
	objects = {

/* Begin PBXBuildFile section */
		4DC01D9E8C290FDDB3F7A3D7 /* Pods_flixsterTests.framework in Frameworks */ = {isa = PBXBuildFile; fileRef = E133AB46E458F4875072730E /* Pods_flixsterTests.framework */; };
		7C5720E8FD55BF074246593B /* Pods_flixster_flixsterUITests.framework in Frameworks */ = {isa = PBXBuildFile; fileRef = AF1021E49776012D20FF7AF0 /* Pods_flixster_flixsterUITests.framework */; };
		DBBECD8825DDA67E00730F0A /* AppDelegate.swift in Sources */ = {isa = PBXBuildFile; fileRef = DBBECD8725DDA67E00730F0A /* AppDelegate.swift */; };
		DBBECD8A25DDA67E00730F0A /* SceneDelegate.swift in Sources */ = {isa = PBXBuildFile; fileRef = DBBECD8925DDA67E00730F0A /* SceneDelegate.swift */; };
		DBBECD8F25DDA67E00730F0A /* Main.storyboard in Resources */ = {isa = PBXBuildFile; fileRef = DBBECD8D25DDA67E00730F0A /* Main.storyboard */; };
		DBBECD9125DDA68000730F0A /* Assets.xcassets in Resources */ = {isa = PBXBuildFile; fileRef = DBBECD9025DDA68000730F0A /* Assets.xcassets */; };
		DBBECD9425DDA68000730F0A /* LaunchScreen.storyboard in Resources */ = {isa = PBXBuildFile; fileRef = DBBECD9225DDA68000730F0A /* LaunchScreen.storyboard */; };
		DBBECD9F25DDA68100730F0A /* flixsterTests.swift in Sources */ = {isa = PBXBuildFile; fileRef = DBBECD9E25DDA68100730F0A /* flixsterTests.swift */; };
		DBBECDAA25DDA68100730F0A /* flixsterUITests.swift in Sources */ = {isa = PBXBuildFile; fileRef = DBBECDA925DDA68100730F0A /* flixsterUITests.swift */; };
		DBBECDBE25DDA75C00730F0A /* MoviesViewController.swift in Sources */ = {isa = PBXBuildFile; fileRef = DBBECDBD25DDA75C00730F0A /* MoviesViewController.swift */; };
		DBBECDD625DDB39600730F0A /* MovieTableViewCell.swift in Sources */ = {isa = PBXBuildFile; fileRef = DBBECDD525DDB39600730F0A /* MovieTableViewCell.swift */; };
		FC1E80D501069D765779297F /* Pods_flixster.framework in Frameworks */ = {isa = PBXBuildFile; fileRef = 2B52BCD3CEDE7834F53C0650 /* Pods_flixster.framework */; };
/* End PBXBuildFile section */

/* Begin PBXContainerItemProxy section */
		DBBECD9B25DDA68100730F0A /* PBXContainerItemProxy */ = {
			isa = PBXContainerItemProxy;
			containerPortal = DBBECD7C25DDA67E00730F0A /* Project object */;
			proxyType = 1;
			remoteGlobalIDString = DBBECD8325DDA67E00730F0A;
			remoteInfo = flixster;
		};
		DBBECDA625DDA68100730F0A /* PBXContainerItemProxy */ = {
			isa = PBXContainerItemProxy;
			containerPortal = DBBECD7C25DDA67E00730F0A /* Project object */;
			proxyType = 1;
			remoteGlobalIDString = DBBECD8325DDA67E00730F0A;
			remoteInfo = flixster;
		};
/* End PBXContainerItemProxy section */

/* Begin PBXFileReference section */
		2B52BCD3CEDE7834F53C0650 /* Pods_flixster.framework */ = {isa = PBXFileReference; explicitFileType = wrapper.framework; includeInIndex = 0; path = Pods_flixster.framework; sourceTree = BUILT_PRODUCTS_DIR; };
		2BAC77F4C657276AB8A3FBFA /* Pods-flixster-flixsterUITests.debug.xcconfig */ = {isa = PBXFileReference; includeInIndex = 1; lastKnownFileType = text.xcconfig; name = "Pods-flixster-flixsterUITests.debug.xcconfig"; path = "Target Support Files/Pods-flixster-flixsterUITests/Pods-flixster-flixsterUITests.debug.xcconfig"; sourceTree = "<group>"; };
		3D92FF609A2F9B7A56D1D9AF /* Pods-flixster.debug.xcconfig */ = {isa = PBXFileReference; includeInIndex = 1; lastKnownFileType = text.xcconfig; name = "Pods-flixster.debug.xcconfig"; path = "Target Support Files/Pods-flixster/Pods-flixster.debug.xcconfig"; sourceTree = "<group>"; };
		46D547F74E2A16AE86412F80 /* Pods-flixster-flixsterUITests.release.xcconfig */ = {isa = PBXFileReference; includeInIndex = 1; lastKnownFileType = text.xcconfig; name = "Pods-flixster-flixsterUITests.release.xcconfig"; path = "Target Support Files/Pods-flixster-flixsterUITests/Pods-flixster-flixsterUITests.release.xcconfig"; sourceTree = "<group>"; };
		4CB966C061DB202A0B950F8A /* Pods-flixsterTests.release.xcconfig */ = {isa = PBXFileReference; includeInIndex = 1; lastKnownFileType = text.xcconfig; name = "Pods-flixsterTests.release.xcconfig"; path = "Target Support Files/Pods-flixsterTests/Pods-flixsterTests.release.xcconfig"; sourceTree = "<group>"; };
		5AC0E71B5319B755FA6504DE /* Pods-flixsterTests.debug.xcconfig */ = {isa = PBXFileReference; includeInIndex = 1; lastKnownFileType = text.xcconfig; name = "Pods-flixsterTests.debug.xcconfig"; path = "Target Support Files/Pods-flixsterTests/Pods-flixsterTests.debug.xcconfig"; sourceTree = "<group>"; };
		AF1021E49776012D20FF7AF0 /* Pods_flixster_flixsterUITests.framework */ = {isa = PBXFileReference; explicitFileType = wrapper.framework; includeInIndex = 0; path = Pods_flixster_flixsterUITests.framework; sourceTree = BUILT_PRODUCTS_DIR; };
		C1D626A66EF048E689878FDE /* Pods-flixster.release.xcconfig */ = {isa = PBXFileReference; includeInIndex = 1; lastKnownFileType = text.xcconfig; name = "Pods-flixster.release.xcconfig"; path = "Target Support Files/Pods-flixster/Pods-flixster.release.xcconfig"; sourceTree = "<group>"; };
		DBBECD8425DDA67E00730F0A /* flixster.app */ = {isa = PBXFileReference; explicitFileType = wrapper.application; includeInIndex = 0; path = flixster.app; sourceTree = BUILT_PRODUCTS_DIR; };
		DBBECD8725DDA67E00730F0A /* AppDelegate.swift */ = {isa = PBXFileReference; lastKnownFileType = sourcecode.swift; path = AppDelegate.swift; sourceTree = "<group>"; };
		DBBECD8925DDA67E00730F0A /* SceneDelegate.swift */ = {isa = PBXFileReference; lastKnownFileType = sourcecode.swift; path = SceneDelegate.swift; sourceTree = "<group>"; };
		DBBECD8E25DDA67E00730F0A /* Base */ = {isa = PBXFileReference; lastKnownFileType = file.storyboard; name = Base; path = Base.lproj/Main.storyboard; sourceTree = "<group>"; };
		DBBECD9025DDA68000730F0A /* Assets.xcassets */ = {isa = PBXFileReference; lastKnownFileType = folder.assetcatalog; path = Assets.xcassets; sourceTree = "<group>"; };
		DBBECD9325DDA68000730F0A /* Base */ = {isa = PBXFileReference; lastKnownFileType = file.storyboard; name = Base; path = Base.lproj/LaunchScreen.storyboard; sourceTree = "<group>"; };
		DBBECD9525DDA68000730F0A /* Info.plist */ = {isa = PBXFileReference; lastKnownFileType = text.plist.xml; path = Info.plist; sourceTree = "<group>"; };
		DBBECD9A25DDA68100730F0A /* flixsterTests.xctest */ = {isa = PBXFileReference; explicitFileType = wrapper.cfbundle; includeInIndex = 0; path = flixsterTests.xctest; sourceTree = BUILT_PRODUCTS_DIR; };
		DBBECD9E25DDA68100730F0A /* flixsterTests.swift */ = {isa = PBXFileReference; lastKnownFileType = sourcecode.swift; path = flixsterTests.swift; sourceTree = "<group>"; };
		DBBECDA025DDA68100730F0A /* Info.plist */ = {isa = PBXFileReference; lastKnownFileType = text.plist.xml; path = Info.plist; sourceTree = "<group>"; };
		DBBECDA525DDA68100730F0A /* flixsterUITests.xctest */ = {isa = PBXFileReference; explicitFileType = wrapper.cfbundle; includeInIndex = 0; path = flixsterUITests.xctest; sourceTree = BUILT_PRODUCTS_DIR; };
		DBBECDA925DDA68100730F0A /* flixsterUITests.swift */ = {isa = PBXFileReference; lastKnownFileType = sourcecode.swift; path = flixsterUITests.swift; sourceTree = "<group>"; };
		DBBECDAB25DDA68100730F0A /* Info.plist */ = {isa = PBXFileReference; lastKnownFileType = text.plist.xml; path = Info.plist; sourceTree = "<group>"; };
		DBBECDBD25DDA75C00730F0A /* MoviesViewController.swift */ = {isa = PBXFileReference; lastKnownFileType = sourcecode.swift; path = MoviesViewController.swift; sourceTree = "<group>"; };
		DBBECDD525DDB39600730F0A /* MovieTableViewCell.swift */ = {isa = PBXFileReference; lastKnownFileType = sourcecode.swift; path = MovieTableViewCell.swift; sourceTree = "<group>"; };
		E133AB46E458F4875072730E /* Pods_flixsterTests.framework */ = {isa = PBXFileReference; explicitFileType = wrapper.framework; includeInIndex = 0; path = Pods_flixsterTests.framework; sourceTree = BUILT_PRODUCTS_DIR; };
/* End PBXFileReference section */

/* Begin PBXFrameworksBuildPhase section */
		DBBECD8125DDA67E00730F0A /* Frameworks */ = {
			isa = PBXFrameworksBuildPhase;
			buildActionMask = 2147483647;
			files = (
				FC1E80D501069D765779297F /* Pods_flixster.framework in Frameworks */,
			);
			runOnlyForDeploymentPostprocessing = 0;
		};
		DBBECD9725DDA68100730F0A /* Frameworks */ = {
			isa = PBXFrameworksBuildPhase;
			buildActionMask = 2147483647;
			files = (
				4DC01D9E8C290FDDB3F7A3D7 /* Pods_flixsterTests.framework in Frameworks */,
			);
			runOnlyForDeploymentPostprocessing = 0;
		};
		DBBECDA225DDA68100730F0A /* Frameworks */ = {
			isa = PBXFrameworksBuildPhase;
			buildActionMask = 2147483647;
			files = (
				7C5720E8FD55BF074246593B /* Pods_flixster_flixsterUITests.framework in Frameworks */,
			);
			runOnlyForDeploymentPostprocessing = 0;
		};
/* End PBXFrameworksBuildPhase section */

/* Begin PBXGroup section */
		9B93B07C3AA69E60C575A4B5 /* Pods */ = {
			isa = PBXGroup;
			children = (
				3D92FF609A2F9B7A56D1D9AF /* Pods-flixster.debug.xcconfig */,
				C1D626A66EF048E689878FDE /* Pods-flixster.release.xcconfig */,
				2BAC77F4C657276AB8A3FBFA /* Pods-flixster-flixsterUITests.debug.xcconfig */,
				46D547F74E2A16AE86412F80 /* Pods-flixster-flixsterUITests.release.xcconfig */,
				5AC0E71B5319B755FA6504DE /* Pods-flixsterTests.debug.xcconfig */,
				4CB966C061DB202A0B950F8A /* Pods-flixsterTests.release.xcconfig */,
			);
			name = Pods;
			path = Pods;
			sourceTree = "<group>";
		};
		DBBECD7B25DDA67E00730F0A = {
			isa = PBXGroup;
			children = (
				DBBECD8625DDA67E00730F0A /* flixster */,
				DBBECD9D25DDA68100730F0A /* flixsterTests */,
				DBBECDA825DDA68100730F0A /* flixsterUITests */,
				DBBECD8525DDA67E00730F0A /* Products */,
				9B93B07C3AA69E60C575A4B5 /* Pods */,
				FA5FEE743666AF327590CFE7 /* Frameworks */,
			);
			sourceTree = "<group>";
		};
		DBBECD8525DDA67E00730F0A /* Products */ = {
			isa = PBXGroup;
			children = (
				DBBECD8425DDA67E00730F0A /* flixster.app */,
				DBBECD9A25DDA68100730F0A /* flixsterTests.xctest */,
				DBBECDA525DDA68100730F0A /* flixsterUITests.xctest */,
			);
			name = Products;
			sourceTree = "<group>";
		};
		DBBECD8625DDA67E00730F0A /* flixster */ = {
			isa = PBXGroup;
			children = (
				DBBECD8725DDA67E00730F0A /* AppDelegate.swift */,
				DBBECD8925DDA67E00730F0A /* SceneDelegate.swift */,
				DBBECD8D25DDA67E00730F0A /* Main.storyboard */,
				DBBECD9025DDA68000730F0A /* Assets.xcassets */,
				DBBECD9225DDA68000730F0A /* LaunchScreen.storyboard */,
				DBBECD9525DDA68000730F0A /* Info.plist */,
				DBBECDBD25DDA75C00730F0A /* MoviesViewController.swift */,
				DBBECDD525DDB39600730F0A /* MovieTableViewCell.swift */,
			);
			path = flixster;
			sourceTree = "<group>";
		};
		DBBECD9D25DDA68100730F0A /* flixsterTests */ = {
			isa = PBXGroup;
			children = (
				DBBECD9E25DDA68100730F0A /* flixsterTests.swift */,
				DBBECDA025DDA68100730F0A /* Info.plist */,
			);
			path = flixsterTests;
			sourceTree = "<group>";
		};
		DBBECDA825DDA68100730F0A /* flixsterUITests */ = {
			isa = PBXGroup;
			children = (
				DBBECDA925DDA68100730F0A /* flixsterUITests.swift */,
				DBBECDAB25DDA68100730F0A /* Info.plist */,
			);
			path = flixsterUITests;
			sourceTree = "<group>";
		};
		FA5FEE743666AF327590CFE7 /* Frameworks */ = {
			isa = PBXGroup;
			children = (
				2B52BCD3CEDE7834F53C0650 /* Pods_flixster.framework */,
				AF1021E49776012D20FF7AF0 /* Pods_flixster_flixsterUITests.framework */,
				E133AB46E458F4875072730E /* Pods_flixsterTests.framework */,
			);
			name = Frameworks;
			sourceTree = "<group>";
		};
/* End PBXGroup section */

/* Begin PBXNativeTarget section */
		DBBECD8325DDA67E00730F0A /* flixster */ = {
			isa = PBXNativeTarget;
			buildConfigurationList = DBBECDAE25DDA68100730F0A /* Build configuration list for PBXNativeTarget "flixster" */;
			buildPhases = (
				6253F155BE522DE8677F69BA /* [CP] Check Pods Manifest.lock */,
				DBBECD8025DDA67E00730F0A /* Sources */,
				DBBECD8125DDA67E00730F0A /* Frameworks */,
				DBBECD8225DDA67E00730F0A /* Resources */,
				53F49110E5F05DF1A9504483 /* [CP] Embed Pods Frameworks */,
			);
			buildRules = (
			);
			dependencies = (
			);
			name = flixster;
			productName = flixster;
			productReference = DBBECD8425DDA67E00730F0A /* flixster.app */;
			productType = "com.apple.product-type.application";
		};
		DBBECD9925DDA68100730F0A /* flixsterTests */ = {
			isa = PBXNativeTarget;
			buildConfigurationList = DBBECDB125DDA68100730F0A /* Build configuration list for PBXNativeTarget "flixsterTests" */;
			buildPhases = (
				656207216B0A39209CA59D89 /* [CP] Check Pods Manifest.lock */,
				DBBECD9625DDA68100730F0A /* Sources */,
				DBBECD9725DDA68100730F0A /* Frameworks */,
				DBBECD9825DDA68100730F0A /* Resources */,
			);
			buildRules = (
			);
			dependencies = (
				DBBECD9C25DDA68100730F0A /* PBXTargetDependency */,
			);
			name = flixsterTests;
			productName = flixsterTests;
			productReference = DBBECD9A25DDA68100730F0A /* flixsterTests.xctest */;
			productType = "com.apple.product-type.bundle.unit-test";
		};
		DBBECDA425DDA68100730F0A /* flixsterUITests */ = {
			isa = PBXNativeTarget;
			buildConfigurationList = DBBECDB425DDA68100730F0A /* Build configuration list for PBXNativeTarget "flixsterUITests" */;
			buildPhases = (
				792069A5A79FFEB3D8D719F0 /* [CP] Check Pods Manifest.lock */,
				DBBECDA125DDA68100730F0A /* Sources */,
				DBBECDA225DDA68100730F0A /* Frameworks */,
				DBBECDA325DDA68100730F0A /* Resources */,
				8858CFFC8DBCA5821E933D19 /* [CP] Embed Pods Frameworks */,
			);
			buildRules = (
			);
			dependencies = (
				DBBECDA725DDA68100730F0A /* PBXTargetDependency */,
			);
			name = flixsterUITests;
			productName = flixsterUITests;
			productReference = DBBECDA525DDA68100730F0A /* flixsterUITests.xctest */;
			productType = "com.apple.product-type.bundle.ui-testing";
		};
/* End PBXNativeTarget section */

/* Begin PBXProject section */
		DBBECD7C25DDA67E00730F0A /* Project object */ = {
			isa = PBXProject;
			attributes = {
				LastSwiftUpdateCheck = 1240;
				LastUpgradeCheck = 1240;
				TargetAttributes = {
					DBBECD8325DDA67E00730F0A = {
						CreatedOnToolsVersion = 12.4;
					};
					DBBECD9925DDA68100730F0A = {
						CreatedOnToolsVersion = 12.4;
						TestTargetID = DBBECD8325DDA67E00730F0A;
					};
					DBBECDA425DDA68100730F0A = {
						CreatedOnToolsVersion = 12.4;
						TestTargetID = DBBECD8325DDA67E00730F0A;
					};
				};
			};
			buildConfigurationList = DBBECD7F25DDA67E00730F0A /* Build configuration list for PBXProject "flixster" */;
			compatibilityVersion = "Xcode 9.3";
			developmentRegion = en;
			hasScannedForEncodings = 0;
			knownRegions = (
				en,
				Base,
			);
			mainGroup = DBBECD7B25DDA67E00730F0A;
			productRefGroup = DBBECD8525DDA67E00730F0A /* Products */;
			projectDirPath = "";
			projectRoot = "";
			targets = (
				DBBECD8325DDA67E00730F0A /* flixster */,
				DBBECD9925DDA68100730F0A /* flixsterTests */,
				DBBECDA425DDA68100730F0A /* flixsterUITests */,
			);
		};
/* End PBXProject section */

/* Begin PBXResourcesBuildPhase section */
		DBBECD8225DDA67E00730F0A /* Resources */ = {
			isa = PBXResourcesBuildPhase;
			buildActionMask = 2147483647;
			files = (
				DBBECD9425DDA68000730F0A /* LaunchScreen.storyboard in Resources */,
				DBBECD9125DDA68000730F0A /* Assets.xcassets in Resources */,
				DBBECD8F25DDA67E00730F0A /* Main.storyboard in Resources */,
			);
			runOnlyForDeploymentPostprocessing = 0;
		};
		DBBECD9825DDA68100730F0A /* Resources */ = {
			isa = PBXResourcesBuildPhase;
			buildActionMask = 2147483647;
			files = (
			);
			runOnlyForDeploymentPostprocessing = 0;
		};
		DBBECDA325DDA68100730F0A /* Resources */ = {
			isa = PBXResourcesBuildPhase;
			buildActionMask = 2147483647;
			files = (
			);
			runOnlyForDeploymentPostprocessing = 0;
		};
/* End PBXResourcesBuildPhase section */

/* Begin PBXShellScriptBuildPhase section */
		53F49110E5F05DF1A9504483 /* [CP] Embed Pods Frameworks */ = {
			isa = PBXShellScriptBuildPhase;
			buildActionMask = 2147483647;
			files = (
			);
			inputFileListPaths = (
				"${PODS_ROOT}/Target Support Files/Pods-flixster/Pods-flixster-frameworks-${CONFIGURATION}-input-files.xcfilelist",
			);
			name = "[CP] Embed Pods Frameworks";
			outputFileListPaths = (
				"${PODS_ROOT}/Target Support Files/Pods-flixster/Pods-flixster-frameworks-${CONFIGURATION}-output-files.xcfilelist",
			);
			runOnlyForDeploymentPostprocessing = 0;
			shellPath = /bin/sh;
			shellScript = "\"${PODS_ROOT}/Target Support Files/Pods-flixster/Pods-flixster-frameworks.sh\"\n";
			showEnvVarsInLog = 0;
		};
		6253F155BE522DE8677F69BA /* [CP] Check Pods Manifest.lock */ = {
			isa = PBXShellScriptBuildPhase;
			buildActionMask = 2147483647;
			files = (
			);
			inputFileListPaths = (
			);
			inputPaths = (
				"${PODS_PODFILE_DIR_PATH}/Podfile.lock",
				"${PODS_ROOT}/Manifest.lock",
			);
			name = "[CP] Check Pods Manifest.lock";
			outputFileListPaths = (
			);
			outputPaths = (
				"$(DERIVED_FILE_DIR)/Pods-flixster-checkManifestLockResult.txt",
			);
			runOnlyForDeploymentPostprocessing = 0;
			shellPath = /bin/sh;
			shellScript = "diff \"${PODS_PODFILE_DIR_PATH}/Podfile.lock\" \"${PODS_ROOT}/Manifest.lock\" > /dev/null\nif [ $? != 0 ] ; then\n    # print error to STDERR\n    echo \"error: The sandbox is not in sync with the Podfile.lock. Run 'pod install' or update your CocoaPods installation.\" >&2\n    exit 1\nfi\n# This output is used by Xcode 'outputs' to avoid re-running this script phase.\necho \"SUCCESS\" > \"${SCRIPT_OUTPUT_FILE_0}\"\n";
			showEnvVarsInLog = 0;
		};
		656207216B0A39209CA59D89 /* [CP] Check Pods Manifest.lock */ = {
			isa = PBXShellScriptBuildPhase;
			buildActionMask = 2147483647;
			files = (
			);
			inputFileListPaths = (
			);
			inputPaths = (
				"${PODS_PODFILE_DIR_PATH}/Podfile.lock",
				"${PODS_ROOT}/Manifest.lock",
			);
			name = "[CP] Check Pods Manifest.lock";
			outputFileListPaths = (
			);
			outputPaths = (
				"$(DERIVED_FILE_DIR)/Pods-flixsterTests-checkManifestLockResult.txt",
			);
			runOnlyForDeploymentPostprocessing = 0;
			shellPath = /bin/sh;
			shellScript = "diff \"${PODS_PODFILE_DIR_PATH}/Podfile.lock\" \"${PODS_ROOT}/Manifest.lock\" > /dev/null\nif [ $? != 0 ] ; then\n    # print error to STDERR\n    echo \"error: The sandbox is not in sync with the Podfile.lock. Run 'pod install' or update your CocoaPods installation.\" >&2\n    exit 1\nfi\n# This output is used by Xcode 'outputs' to avoid re-running this script phase.\necho \"SUCCESS\" > \"${SCRIPT_OUTPUT_FILE_0}\"\n";
			showEnvVarsInLog = 0;
		};
		792069A5A79FFEB3D8D719F0 /* [CP] Check Pods Manifest.lock */ = {
			isa = PBXShellScriptBuildPhase;
			buildActionMask = 2147483647;
			files = (
			);
			inputFileListPaths = (
			);
			inputPaths = (
				"${PODS_PODFILE_DIR_PATH}/Podfile.lock",
				"${PODS_ROOT}/Manifest.lock",
			);
			name = "[CP] Check Pods Manifest.lock";
			outputFileListPaths = (
			);
			outputPaths = (
				"$(DERIVED_FILE_DIR)/Pods-flixster-flixsterUITests-checkManifestLockResult.txt",
			);
			runOnlyForDeploymentPostprocessing = 0;
			shellPath = /bin/sh;
			shellScript = "diff \"${PODS_PODFILE_DIR_PATH}/Podfile.lock\" \"${PODS_ROOT}/Manifest.lock\" > /dev/null\nif [ $? != 0 ] ; then\n    # print error to STDERR\n    echo \"error: The sandbox is not in sync with the Podfile.lock. Run 'pod install' or update your CocoaPods installation.\" >&2\n    exit 1\nfi\n# This output is used by Xcode 'outputs' to avoid re-running this script phase.\necho \"SUCCESS\" > \"${SCRIPT_OUTPUT_FILE_0}\"\n";
			showEnvVarsInLog = 0;
		};
		8858CFFC8DBCA5821E933D19 /* [CP] Embed Pods Frameworks */ = {
			isa = PBXShellScriptBuildPhase;
			buildActionMask = 2147483647;
			files = (
			);
			inputFileListPaths = (
				"${PODS_ROOT}/Target Support Files/Pods-flixster-flixsterUITests/Pods-flixster-flixsterUITests-frameworks-${CONFIGURATION}-input-files.xcfilelist",
			);
			name = "[CP] Embed Pods Frameworks";
			outputFileListPaths = (
				"${PODS_ROOT}/Target Support Files/Pods-flixster-flixsterUITests/Pods-flixster-flixsterUITests-frameworks-${CONFIGURATION}-output-files.xcfilelist",
			);
			runOnlyForDeploymentPostprocessing = 0;
			shellPath = /bin/sh;
			shellScript = "\"${PODS_ROOT}/Target Support Files/Pods-flixster-flixsterUITests/Pods-flixster-flixsterUITests-frameworks.sh\"\n";
			showEnvVarsInLog = 0;
		};
/* End PBXShellScriptBuildPhase section */

/* Begin PBXSourcesBuildPhase section */
		DBBECD8025DDA67E00730F0A /* Sources */ = {
			isa = PBXSourcesBuildPhase;
			buildActionMask = 2147483647;
			files = (
				DBBECD8825DDA67E00730F0A /* AppDelegate.swift in Sources */,
				DBBECD8A25DDA67E00730F0A /* SceneDelegate.swift in Sources */,
				DBBECDD625DDB39600730F0A /* MovieTableViewCell.swift in Sources */,
				DBBECDBE25DDA75C00730F0A /* MoviesViewController.swift in Sources */,
			);
			runOnlyForDeploymentPostprocessing = 0;
		};
		DBBECD9625DDA68100730F0A /* Sources */ = {
			isa = PBXSourcesBuildPhase;
			buildActionMask = 2147483647;
			files = (
				DBBECD9F25DDA68100730F0A /* flixsterTests.swift in Sources */,
			);
			runOnlyForDeploymentPostprocessing = 0;
		};
		DBBECDA125DDA68100730F0A /* Sources */ = {
			isa = PBXSourcesBuildPhase;
			buildActionMask = 2147483647;
			files = (
				DBBECDAA25DDA68100730F0A /* flixsterUITests.swift in Sources */,
			);
			runOnlyForDeploymentPostprocessing = 0;
		};
/* End PBXSourcesBuildPhase section */

/* Begin PBXTargetDependency section */
		DBBECD9C25DDA68100730F0A /* PBXTargetDependency */ = {
			isa = PBXTargetDependency;
			target = DBBECD8325DDA67E00730F0A /* flixster */;
			targetProxy = DBBECD9B25DDA68100730F0A /* PBXContainerItemProxy */;
		};
		DBBECDA725DDA68100730F0A /* PBXTargetDependency */ = {
			isa = PBXTargetDependency;
			target = DBBECD8325DDA67E00730F0A /* flixster */;
			targetProxy = DBBECDA625DDA68100730F0A /* PBXContainerItemProxy */;
		};
/* End PBXTargetDependency section */

/* Begin PBXVariantGroup section */
		DBBECD8D25DDA67E00730F0A /* Main.storyboard */ = {
			isa = PBXVariantGroup;
			children = (
				DBBECD8E25DDA67E00730F0A /* Base */,
			);
			name = Main.storyboard;
			sourceTree = "<group>";
		};
		DBBECD9225DDA68000730F0A /* LaunchScreen.storyboard */ = {
			isa = PBXVariantGroup;
			children = (
				DBBECD9325DDA68000730F0A /* Base */,
			);
			name = LaunchScreen.storyboard;
			sourceTree = "<group>";
		};
/* End PBXVariantGroup section */

/* Begin XCBuildConfiguration section */
		DBBECDAC25DDA68100730F0A /* Debug */ = {
			isa = XCBuildConfiguration;
			buildSettings = {
				ALWAYS_SEARCH_USER_PATHS = NO;
				CLANG_ANALYZER_NONNULL = YES;
				CLANG_ANALYZER_NUMBER_OBJECT_CONVERSION = YES_AGGRESSIVE;
				CLANG_CXX_LANGUAGE_STANDARD = "gnu++14";
				CLANG_CXX_LIBRARY = "libc++";
				CLANG_ENABLE_MODULES = YES;
				CLANG_ENABLE_OBJC_ARC = YES;
				CLANG_ENABLE_OBJC_WEAK = YES;
				CLANG_WARN_BLOCK_CAPTURE_AUTORELEASING = YES;
				CLANG_WARN_BOOL_CONVERSION = YES;
				CLANG_WARN_COMMA = YES;
				CLANG_WARN_CONSTANT_CONVERSION = YES;
				CLANG_WARN_DEPRECATED_OBJC_IMPLEMENTATIONS = YES;
				CLANG_WARN_DIRECT_OBJC_ISA_USAGE = YES_ERROR;
				CLANG_WARN_DOCUMENTATION_COMMENTS = YES;
				CLANG_WARN_EMPTY_BODY = YES;
				CLANG_WARN_ENUM_CONVERSION = YES;
				CLANG_WARN_INFINITE_RECURSION = YES;
				CLANG_WARN_INT_CONVERSION = YES;
				CLANG_WARN_NON_LITERAL_NULL_CONVERSION = YES;
				CLANG_WARN_OBJC_IMPLICIT_RETAIN_SELF = YES;
				CLANG_WARN_OBJC_LITERAL_CONVERSION = YES;
				CLANG_WARN_OBJC_ROOT_CLASS = YES_ERROR;
				CLANG_WARN_QUOTED_INCLUDE_IN_FRAMEWORK_HEADER = YES;
				CLANG_WARN_RANGE_LOOP_ANALYSIS = YES;
				CLANG_WARN_STRICT_PROTOTYPES = YES;
				CLANG_WARN_SUSPICIOUS_MOVE = YES;
				CLANG_WARN_UNGUARDED_AVAILABILITY = YES_AGGRESSIVE;
				CLANG_WARN_UNREACHABLE_CODE = YES;
				CLANG_WARN__DUPLICATE_METHOD_MATCH = YES;
				COPY_PHASE_STRIP = NO;
				DEBUG_INFORMATION_FORMAT = dwarf;
				ENABLE_STRICT_OBJC_MSGSEND = YES;
				ENABLE_TESTABILITY = YES;
				GCC_C_LANGUAGE_STANDARD = gnu11;
				GCC_DYNAMIC_NO_PIC = NO;
				GCC_NO_COMMON_BLOCKS = YES;
				GCC_OPTIMIZATION_LEVEL = 0;
				GCC_PREPROCESSOR_DEFINITIONS = (
					"DEBUG=1",
					"$(inherited)",
				);
				GCC_WARN_64_TO_32_BIT_CONVERSION = YES;
				GCC_WARN_ABOUT_RETURN_TYPE = YES_ERROR;
				GCC_WARN_UNDECLARED_SELECTOR = YES;
				GCC_WARN_UNINITIALIZED_AUTOS = YES_AGGRESSIVE;
				GCC_WARN_UNUSED_FUNCTION = YES;
				GCC_WARN_UNUSED_VARIABLE = YES;
				IPHONEOS_DEPLOYMENT_TARGET = 14.4;
				MTL_ENABLE_DEBUG_INFO = INCLUDE_SOURCE;
				MTL_FAST_MATH = YES;
				ONLY_ACTIVE_ARCH = YES;
				SDKROOT = iphoneos;
				SWIFT_ACTIVE_COMPILATION_CONDITIONS = DEBUG;
				SWIFT_OPTIMIZATION_LEVEL = "-Onone";
			};
			name = Debug;
		};
		DBBECDAD25DDA68100730F0A /* Release */ = {
			isa = XCBuildConfiguration;
			buildSettings = {
				ALWAYS_SEARCH_USER_PATHS = NO;
				CLANG_ANALYZER_NONNULL = YES;
				CLANG_ANALYZER_NUMBER_OBJECT_CONVERSION = YES_AGGRESSIVE;
				CLANG_CXX_LANGUAGE_STANDARD = "gnu++14";
				CLANG_CXX_LIBRARY = "libc++";
				CLANG_ENABLE_MODULES = YES;
				CLANG_ENABLE_OBJC_ARC = YES;
				CLANG_ENABLE_OBJC_WEAK = YES;
				CLANG_WARN_BLOCK_CAPTURE_AUTORELEASING = YES;
				CLANG_WARN_BOOL_CONVERSION = YES;
				CLANG_WARN_COMMA = YES;
				CLANG_WARN_CONSTANT_CONVERSION = YES;
				CLANG_WARN_DEPRECATED_OBJC_IMPLEMENTATIONS = YES;
				CLANG_WARN_DIRECT_OBJC_ISA_USAGE = YES_ERROR;
				CLANG_WARN_DOCUMENTATION_COMMENTS = YES;
				CLANG_WARN_EMPTY_BODY = YES;
				CLANG_WARN_ENUM_CONVERSION = YES;
				CLANG_WARN_INFINITE_RECURSION = YES;
				CLANG_WARN_INT_CONVERSION = YES;
				CLANG_WARN_NON_LITERAL_NULL_CONVERSION = YES;
				CLANG_WARN_OBJC_IMPLICIT_RETAIN_SELF = YES;
				CLANG_WARN_OBJC_LITERAL_CONVERSION = YES;
				CLANG_WARN_OBJC_ROOT_CLASS = YES_ERROR;
				CLANG_WARN_QUOTED_INCLUDE_IN_FRAMEWORK_HEADER = YES;
				CLANG_WARN_RANGE_LOOP_ANALYSIS = YES;
				CLANG_WARN_STRICT_PROTOTYPES = YES;
				CLANG_WARN_SUSPICIOUS_MOVE = YES;
				CLANG_WARN_UNGUARDED_AVAILABILITY = YES_AGGRESSIVE;
				CLANG_WARN_UNREACHABLE_CODE = YES;
				CLANG_WARN__DUPLICATE_METHOD_MATCH = YES;
				COPY_PHASE_STRIP = NO;
				DEBUG_INFORMATION_FORMAT = "dwarf-with-dsym";
				ENABLE_NS_ASSERTIONS = NO;
				ENABLE_STRICT_OBJC_MSGSEND = YES;
				GCC_C_LANGUAGE_STANDARD = gnu11;
				GCC_NO_COMMON_BLOCKS = YES;
				GCC_WARN_64_TO_32_BIT_CONVERSION = YES;
				GCC_WARN_ABOUT_RETURN_TYPE = YES_ERROR;
				GCC_WARN_UNDECLARED_SELECTOR = YES;
				GCC_WARN_UNINITIALIZED_AUTOS = YES_AGGRESSIVE;
				GCC_WARN_UNUSED_FUNCTION = YES;
				GCC_WARN_UNUSED_VARIABLE = YES;
				IPHONEOS_DEPLOYMENT_TARGET = 14.4;
				MTL_ENABLE_DEBUG_INFO = NO;
				MTL_FAST_MATH = YES;
				SDKROOT = iphoneos;
				SWIFT_COMPILATION_MODE = wholemodule;
				SWIFT_OPTIMIZATION_LEVEL = "-O";
				VALIDATE_PRODUCT = YES;
			};
			name = Release;
		};
		DBBECDAF25DDA68100730F0A /* Debug */ = {
			isa = XCBuildConfiguration;
			baseConfigurationReference = 3D92FF609A2F9B7A56D1D9AF /* Pods-flixster.debug.xcconfig */;
			buildSettings = {
				ASSETCATALOG_COMPILER_APPICON_NAME = AppIcon;
				ASSETCATALOG_COMPILER_GLOBAL_ACCENT_COLOR_NAME = AccentColor;
				CODE_SIGN_STYLE = Automatic;
				INFOPLIST_FILE = flixster/Info.plist;
				LD_RUNPATH_SEARCH_PATHS = (
					"$(inherited)",
					"@executable_path/Frameworks",
				);
				PRODUCT_BUNDLE_IDENTIFIER = levijgerber.flixster;
				PRODUCT_NAME = "$(TARGET_NAME)";
				SWIFT_VERSION = 5.0;
				TARGETED_DEVICE_FAMILY = "1,2";
			};
			name = Debug;
		};
		DBBECDB025DDA68100730F0A /* Release */ = {
			isa = XCBuildConfiguration;
			baseConfigurationReference = C1D626A66EF048E689878FDE /* Pods-flixster.release.xcconfig */;
			buildSettings = {
				ASSETCATALOG_COMPILER_APPICON_NAME = AppIcon;
				ASSETCATALOG_COMPILER_GLOBAL_ACCENT_COLOR_NAME = AccentColor;
				CODE_SIGN_STYLE = Automatic;
				INFOPLIST_FILE = flixster/Info.plist;
				LD_RUNPATH_SEARCH_PATHS = (
					"$(inherited)",
					"@executable_path/Frameworks",
				);
				PRODUCT_BUNDLE_IDENTIFIER = levijgerber.flixster;
				PRODUCT_NAME = "$(TARGET_NAME)";
				SWIFT_VERSION = 5.0;
				TARGETED_DEVICE_FAMILY = "1,2";
			};
			name = Release;
		};
		DBBECDB225DDA68100730F0A /* Debug */ = {
			isa = XCBuildConfiguration;
			baseConfigurationReference = 5AC0E71B5319B755FA6504DE /* Pods-flixsterTests.debug.xcconfig */;
			buildSettings = {
				ALWAYS_EMBED_SWIFT_STANDARD_LIBRARIES = YES;
				BUNDLE_LOADER = "$(TEST_HOST)";
				CODE_SIGN_STYLE = Automatic;
				INFOPLIST_FILE = flixsterTests/Info.plist;
				IPHONEOS_DEPLOYMENT_TARGET = 14.4;
				LD_RUNPATH_SEARCH_PATHS = (
					"$(inherited)",
					"@executable_path/Frameworks",
					"@loader_path/Frameworks",
				);
				PRODUCT_BUNDLE_IDENTIFIER = levijgerber.flixsterTests;
				PRODUCT_NAME = "$(TARGET_NAME)";
				SWIFT_VERSION = 5.0;
				TARGETED_DEVICE_FAMILY = "1,2";
				TEST_HOST = "$(BUILT_PRODUCTS_DIR)/flixster.app/flixster";
			};
			name = Debug;
		};
		DBBECDB325DDA68100730F0A /* Release */ = {
			isa = XCBuildConfiguration;
			baseConfigurationReference = 4CB966C061DB202A0B950F8A /* Pods-flixsterTests.release.xcconfig */;
			buildSettings = {
				ALWAYS_EMBED_SWIFT_STANDARD_LIBRARIES = YES;
				BUNDLE_LOADER = "$(TEST_HOST)";
				CODE_SIGN_STYLE = Automatic;
				INFOPLIST_FILE = flixsterTests/Info.plist;
				IPHONEOS_DEPLOYMENT_TARGET = 14.4;
				LD_RUNPATH_SEARCH_PATHS = (
					"$(inherited)",
					"@executable_path/Frameworks",
					"@loader_path/Frameworks",
				);
				PRODUCT_BUNDLE_IDENTIFIER = levijgerber.flixsterTests;
				PRODUCT_NAME = "$(TARGET_NAME)";
				SWIFT_VERSION = 5.0;
				TARGETED_DEVICE_FAMILY = "1,2";
				TEST_HOST = "$(BUILT_PRODUCTS_DIR)/flixster.app/flixster";
			};
			name = Release;
		};
		DBBECDB525DDA68100730F0A /* Debug */ = {
			isa = XCBuildConfiguration;
			baseConfigurationReference = 2BAC77F4C657276AB8A3FBFA /* Pods-flixster-flixsterUITests.debug.xcconfig */;
			buildSettings = {
				ALWAYS_EMBED_SWIFT_STANDARD_LIBRARIES = YES;
				CODE_SIGN_STYLE = Automatic;
				INFOPLIST_FILE = flixsterUITests/Info.plist;
				LD_RUNPATH_SEARCH_PATHS = (
					"$(inherited)",
					"@executable_path/Frameworks",
					"@loader_path/Frameworks",
				);
				PRODUCT_BUNDLE_IDENTIFIER = levijgerber.flixsterUITests;
				PRODUCT_NAME = "$(TARGET_NAME)";
				SWIFT_VERSION = 5.0;
				TARGETED_DEVICE_FAMILY = "1,2";
				TEST_TARGET_NAME = flixster;
			};
			name = Debug;
		};
		DBBECDB625DDA68100730F0A /* Release */ = {
			isa = XCBuildConfiguration;
			baseConfigurationReference = 46D547F74E2A16AE86412F80 /* Pods-flixster-flixsterUITests.release.xcconfig */;
			buildSettings = {
				ALWAYS_EMBED_SWIFT_STANDARD_LIBRARIES = YES;
				CODE_SIGN_STYLE = Automatic;
				INFOPLIST_FILE = flixsterUITests/Info.plist;
				LD_RUNPATH_SEARCH_PATHS = (
					"$(inherited)",
					"@executable_path/Frameworks",
					"@loader_path/Frameworks",
				);
				PRODUCT_BUNDLE_IDENTIFIER = levijgerber.flixsterUITests;
				PRODUCT_NAME = "$(TARGET_NAME)";
				SWIFT_VERSION = 5.0;
				TARGETED_DEVICE_FAMILY = "1,2";
				TEST_TARGET_NAME = flixster;
			};
			name = Release;
		};
/* End XCBuildConfiguration section */

/* Begin XCConfigurationList section */
		DBBECD7F25DDA67E00730F0A /* Build configuration list for PBXProject "flixster" */ = {
			isa = XCConfigurationList;
			buildConfigurations = (
				DBBECDAC25DDA68100730F0A /* Debug */,
				DBBECDAD25DDA68100730F0A /* Release */,
			);
			defaultConfigurationIsVisible = 0;
			defaultConfigurationName = Release;
		};
		DBBECDAE25DDA68100730F0A /* Build configuration list for PBXNativeTarget "flixster" */ = {
			isa = XCConfigurationList;
			buildConfigurations = (
				DBBECDAF25DDA68100730F0A /* Debug */,
				DBBECDB025DDA68100730F0A /* Release */,
			);
			defaultConfigurationIsVisible = 0;
			defaultConfigurationName = Release;
		};
		DBBECDB125DDA68100730F0A /* Build configuration list for PBXNativeTarget "flixsterTests" */ = {
			isa = XCConfigurationList;
			buildConfigurations = (
				DBBECDB225DDA68100730F0A /* Debug */,
				DBBECDB325DDA68100730F0A /* Release */,
			);
			defaultConfigurationIsVisible = 0;
			defaultConfigurationName = Release;
		};
		DBBECDB425DDA68100730F0A /* Build configuration list for PBXNativeTarget "flixsterUITests" */ = {
			isa = XCConfigurationList;
			buildConfigurations = (
				DBBECDB525DDA68100730F0A /* Debug */,
				DBBECDB625DDA68100730F0A /* Release */,
			);
			defaultConfigurationIsVisible = 0;
			defaultConfigurationName = Release;
		};
/* End XCConfigurationList section */
	};
	rootObject = DBBECD7C25DDA67E00730F0A /* Project object */;
}
